
Microsoft Visual Studio Solution File, Format Version 12.00
# Visual Studio Version 17
VisualStudioVersion = 17.13.35919.96 d17.13
MinimumVisualStudioVersion = 10.0.40219.1
Project("{FAE04EC0-301F-11D3-BF4B-00C04F79EFBC}") = "Repaso_Week1_Bootcamp_Csharp", "Repaso_Week1_Bootcamp_Csharp.csproj", "{B7082A5B-49CF-49A6-A51C-9FED84DF1C46}"
EndProject
Project("{FAE04EC0-301F-11D3-BF4B-00C04F79EFBC}") = "WhileLoop", "..\WhileLoop\WhileLoop.csproj", "{E9E637B9-F96A-4BA2-9672-39005D162FA6}"
EndProject
Global
	GlobalSection(SolutionConfigurationPlatforms) = preSolution
		Debug|Any CPU = Debug|Any CPU
		Release|Any CPU = Release|Any CPU
	EndGlobalSection
	GlobalSection(ProjectConfigurationPlatforms) = postSolution
		{B7082A5B-49CF-49A6-A51C-9FED84DF1C46}.Debug|Any CPU.ActiveCfg = Debug|Any CPU
		{B7082A5B-49CF-49A6-A51C-9FED84DF1C46}.Debug|Any CPU.Build.0 = Debug|Any CPU
		{B7082A5B-49CF-49A6-A51C-9FED84DF1C46}.Release|Any CPU.ActiveCfg = Release|Any CPU
		{B7082A5B-49CF-49A6-A51C-9FED84DF1C46}.Release|Any CPU.Build.0 = Release|Any CPU
		{E9E637B9-F96A-4BA2-9672-39005D162FA6}.Debug|Any CPU.ActiveCfg = Debug|Any CPU
		{E9E637B9-F96A-4BA2-9672-39005D162FA6}.Debug|Any CPU.Build.0 = Debug|Any CPU
		{E9E637B9-F96A-4BA2-9672-39005D162FA6}.Release|Any CPU.ActiveCfg = Release|Any CPU
		{E9E637B9-F96A-4BA2-9672-39005D162FA6}.Release|Any CPU.Build.0 = Release|Any CPU
	EndGlobalSection
	GlobalSection(SolutionProperties) = preSolution
		HideSolutionNode = FALSE
	EndGlobalSection
	GlobalSection(ExtensibilityGlobals) = postSolution
		SolutionGuid = {29A894F9-04F2-487D-8716-9ED474411E49}
	EndGlobalSection
EndGlobal
